
Microsoft Visual Studio Solution File, Format Version 12.00
# Visual Studio Version 17
VisualStudioVersion = 17.9.34723.18
MinimumVisualStudioVersion = 10.0.40219.1
Project("{FAE04EC0-301F-11D3-BF4B-00C04F79EFBC}") = "Exercitii 3 Methods", "ConsoleApp1\Exercitii 3 Methods.csproj", "{1BBD9915-B845-4F81-9C0D-588430A27822}"
EndProject
Global
	GlobalSection(SolutionConfigurationPlatforms) = preSolution
		Debug|Any CPU = Debug|Any CPU
		Release|Any CPU = Release|Any CPU
	EndGlobalSection
	GlobalSection(ProjectConfigurationPlatforms) = postSolution
		{1BBD9915-B845-4F81-9C0D-588430A27822}.Debug|Any CPU.ActiveCfg = Debug|Any CPU
		{1BBD9915-B845-4F81-9C0D-588430A27822}.Debug|Any CPU.Build.0 = Debug|Any CPU
		{1BBD9915-B845-4F81-9C0D-588430A27822}.Release|Any CPU.ActiveCfg = Release|Any CPU
		{1BBD9915-B845-4F81-9C0D-588430A27822}.Release|Any CPU.Build.0 = Release|Any CPU
	EndGlobalSection
	GlobalSection(SolutionProperties) = preSolution
		HideSolutionNode = FALSE
	EndGlobalSection
	GlobalSection(ExtensibilityGlobals) = postSolution
		SolutionGuid = {1F6E52BA-54EB-4EE6-977E-EC585C2AE583}
	EndGlobalSection
EndGlobal
